
Microsoft Visual Studio Solution File, Format Version 12.00
# Visual Studio Version 16
VisualStudioVersion = 16.0.29519.87
MinimumVisualStudioVersion = 10.0.40219.1
Project("{FAE04EC0-301F-11D3-BF4B-00C04F79EFBC}") = "BigShool", "BigShool.csproj", "{FA50A471-005B-4059-95C9-227EFD7CCDB9}"
EndProject
Global
	GlobalSection(SolutionConfigurationPlatforms) = preSolution
		Debug|Any CPU = Debug|Any CPU
		Release|Any CPU = Release|Any CPU
	EndGlobalSection
	GlobalSection(ProjectConfigurationPlatforms) = postSolution
		{FA50A471-005B-4059-95C9-227EFD7CCDB9}.Debug|Any CPU.ActiveCfg = Debug|Any CPU
		{FA50A471-005B-4059-95C9-227EFD7CCDB9}.Debug|Any CPU.Build.0 = Debug|Any CPU
		{FA50A471-005B-4059-95C9-227EFD7CCDB9}.Release|Any CPU.ActiveCfg = Release|Any CPU
		{FA50A471-005B-4059-95C9-227EFD7CCDB9}.Release|Any CPU.Build.0 = Release|Any CPU
	EndGlobalSection
	GlobalSection(SolutionProperties) = preSolution
		HideSolutionNode = FALSE
	EndGlobalSection
	GlobalSection(ExtensibilityGlobals) = postSolution
		SolutionGuid = {CEFF9172-42E8-4ADA-B744-B50EE67862C7}
	EndGlobalSection
EndGlobal
